<?xml version="1.0" encoding="utf-8"?>
<Project ToolsVersion="4.0" xmlns="http://schemas.microsoft.com/developer/msbuild/2003">
  <ItemGroup>
    <Filter Include="Source Files">
      <UniqueIdentifier>{4FC737F1-C7A5-4376-A066-2A32D752A2FF}</UniqueIdentifier>
      <Extensions>cpp;c;cc;cxx;c++;cppm;ixx;def;odl;idl;hpj;bat;asm;asmx</Extensions>
    </Filter>
    <Filter Include="Header Files">
      <UniqueIdentifier>{93995380-89BD-4b04-88EB-625FBE52EBFB}</UniqueIdentifier>
      <Extensions>h;hh;hpp;hxx;h++;hm;inl;inc;ipp;xsd</Extensions>
    </Filter>
    <Filter Include="Resource Files">
      <UniqueIdentifier>{67DA6AB6-F800-4c08-8B7A-83BB121AAD01}</UniqueIdentifier>
      <Extensions>rc;ico;cur;bmp;dlg;rc2;rct;bin;rgs;gif;jpg;jpeg;jpe;resx;tiff;tif;png;wav;mfcribbon-ms</Extensions>
    </Filter>
    <Filter Include="CppUnitLite">
      <UniqueIdentifier>{6440eecf-a6e8-4e04-b162-21e2ae54edcb}</UniqueIdentifier>
    </Filter>
    <Filter Include="CppUnitLite\CppUnitLite header files">
      <UniqueIdentifier>{21eb2600-924e-41f2-bf2f-6cacc772a0b8}</UniqueIdentifier>
    </Filter>
    <Filter Include="CppUnitLite\CppUnitLite source files">
      <UniqueIdentifier>{eb353b13-4016-4378-ac6a-580d9034ba97}</UniqueIdentifier>
    </Filter>
    <Filter Include="FlightDatabase">
      <UniqueIdentifier>{2cb7d977-c4e6-456d-96f9-320ce9725eb1}</UniqueIdentifier>
    </Filter>
  </ItemGroup>
  <ItemGroup>
    <ClCompile Include="main.cpp">
      <Filter>Source Files</Filter>
    </ClCompile>
    <ClCompile Include="CppUnitLite\Failure.cpp">
      <Filter>CppUnitLite\CppUnitLite source files</Filter>
    </ClCompile>
    <ClCompile Include="CppUnitLite\Test.cpp">
      <Filter>CppUnitLite\CppUnitLite source files</Filter>
    </ClCompile>
    <ClCompile Include="CppUnitLite\TestRegistry.cpp">
      <Filter>CppUnitLite\CppUnitLite source files</Filter>
    </ClCompile>
    <ClCompile Include="CppUnitLite\TestResult.cpp">
      <Filter>CppUnitLite\CppUnitLite source files</Filter>
    </ClCompile>
    <ClCompile Include="CppUnitLite\WFailure.cpp">
      <Filter>CppUnitLite\CppUnitLite source files</Filter>
    </ClCompile>
    <ClCompile Include="Flight.cpp">
      <Filter>Source Files</Filter>
    </ClCompile>
    <ClCompile Include="FlightTest.cpp">
      <Filter>Source Files</Filter>
    </ClCompile>
    <ClCompile Include="FlightList.h">
      <Filter>Header Files</Filter>
    </ClCompile>
    <ClCompile Include="FlightList.cpp">
      <Filter>Source Files</Filter>
    </ClCompile>
    <ClCompile Include="FlightListTest.cpp">
      <Filter>Source Files</Filter>
    </ClCompile>
  </ItemGroup>
  <ItemGroup>
    <ClInclude Include="include\CppUnitLite\Failure.h">
      <Filter>CppUnitLite\CppUnitLite header files</Filter>
    </ClInclude>
    <ClInclude Include="include\CppUnitLite\Test.h">
      <Filter>CppUnitLite\CppUnitLite header files</Filter>
    </ClInclude>
    <ClInclude Include="include\CppUnitLite\TestHarness.h">
      <Filter>CppUnitLite\CppUnitLite header files</Filter>
    </ClInclude>
    <ClInclude Include="include\CppUnitLite\TestRegistry.h">
      <Filter>CppUnitLite\CppUnitLite header files</Filter>
    </ClInclude>
    <ClInclude Include="include\CppUnitLite\TestResult.h">
      <Filter>CppUnitLite\CppUnitLite header files</Filter>
    </ClInclude>
    <ClInclude Include="include\CppUnitLite\WFailure.h">
      <Filter>CppUnitLite\CppUnitLite header files</Filter>
    </ClInclude>
    <ClInclude Include="Flight.h">
      <Filter>Header Files</Filter>
    </ClInclude>
  </ItemGroup>
  <ItemGroup>
    <Text Include="FlightDatabase\FlightList.txt">
      <Filter>FlightDatabase</Filter>
    </Text>
  </ItemGroup>
</Project>